{
  "name": "PROJECT JS",
  "lockfileVersion": 3,
  "requires": true,
  "packages": {
    "": {
      "dependencies": {
        "gsap-plugin": "^5.0.8",
        "gsap-trial": "^3.12.4"
      }
    },
    "node_modules/gsap-plugin": {
      "version": "5.0.8",
      "resolved": "https://registry.npmjs.org/gsap-plugin/-/gsap-plugin-5.0.8.tgz",
      "integrity": "sha512-cK5t+aI5qodim/DYdxoeS8VqAEwhsVdS+/ddDeSgJRfnao1WAUtfejmwzZ57G+lqx10Y4MZmW1N37hH5d3SAAw=="
    },
    "node_modules/gsap-trial": {
      "version": "3.12.4",
      "resolved": "https://registry.npmjs.org/gsap-trial/-/gsap-trial-3.12.4.tgz",
      "integrity": "sha512-UIJ4JAHfYZBgMi0ap9EljNMuiNmmMdgo2VlUbMxyZ6VvcoSRIfyrnqOF+7BqcE4Ckt6uZ9wn4in4DraU7J5h9g=="
    }
  }
}
